
Microsoft Visual Studio Solution File, Format Version 12.00
# Visual Studio Version 17
VisualStudioVersion = 17.3.32901.215
MinimumVisualStudioVersion = 10.0.40219.1
Project("{FAE04EC0-301F-11D3-BF4B-00C04F79EFBC}") = "ASPNETCORE_WEB", "ASPNETCORE_WEB.csproj", "{917E0C79-5342-428E-874A-D6057093368D}"
EndProject
Global
	GlobalSection(SolutionConfigurationPlatforms) = preSolution
		Debug|Any CPU = Debug|Any CPU
		Release|Any CPU = Release|Any CPU
	EndGlobalSection
	GlobalSection(ProjectConfigurationPlatforms) = postSolution
		{917E0C79-5342-428E-874A-D6057093368D}.Debug|Any CPU.ActiveCfg = Debug|Any CPU
		{917E0C79-5342-428E-874A-D6057093368D}.Debug|Any CPU.Build.0 = Debug|Any CPU
		{917E0C79-5342-428E-874A-D6057093368D}.Release|Any CPU.ActiveCfg = Release|Any CPU
		{917E0C79-5342-428E-874A-D6057093368D}.Release|Any CPU.Build.0 = Release|Any CPU
	EndGlobalSection
	GlobalSection(SolutionProperties) = preSolution
		HideSolutionNode = FALSE
	EndGlobalSection
	GlobalSection(ExtensibilityGlobals) = postSolution
		SolutionGuid = {9D59AC02-DA79-4746-9BA3-E80861141A75}
	EndGlobalSection
EndGlobal
